
Microsoft Visual Studio Solution File, Format Version 12.00
# Visual Studio Version 17
VisualStudioVersion = 17.0.32014.148
MinimumVisualStudioVersion = 10.0.40219.1
Project("{FAE04EC0-301F-11D3-BF4B-00C04F79EFBC}") = "18", "18\18.csproj", "{0575E713-8EFD-464B-91ED-FDC25C7E79D9}"
EndProject
Global
	GlobalSection(SolutionConfigurationPlatforms) = preSolution
		Debug|Any CPU = Debug|Any CPU
		Release|Any CPU = Release|Any CPU
	EndGlobalSection
	GlobalSection(ProjectConfigurationPlatforms) = postSolution
		{0575E713-8EFD-464B-91ED-FDC25C7E79D9}.Debug|Any CPU.ActiveCfg = Debug|Any CPU
		{0575E713-8EFD-464B-91ED-FDC25C7E79D9}.Debug|Any CPU.Build.0 = Debug|Any CPU
		{0575E713-8EFD-464B-91ED-FDC25C7E79D9}.Release|Any CPU.ActiveCfg = Release|Any CPU
		{0575E713-8EFD-464B-91ED-FDC25C7E79D9}.Release|Any CPU.Build.0 = Release|Any CPU
	EndGlobalSection
	GlobalSection(SolutionProperties) = preSolution
		HideSolutionNode = FALSE
	EndGlobalSection
	GlobalSection(ExtensibilityGlobals) = postSolution
		SolutionGuid = {44D7F6AF-2FF6-460A-95D9-5CD32F49D709}
	EndGlobalSection
EndGlobal
